
Microsoft Visual Studio Solution File, Format Version 12.00
# Visual Studio Version 17
VisualStudioVersion = 17.2.32630.192
MinimumVisualStudioVersion = 10.0.40219.1
Project("{FAE04EC0-301F-11D3-BF4B-00C04F79EFBC}") = "FirstTestOfCadRedevelop", "FirstTestOfCadRedevelop\FirstTestOfCadRedevelop.csproj", "{A39CFFE0-043B-4F87-AFDC-8A580D11D5F6}"
EndProject
Project("{FAE04EC0-301F-11D3-BF4B-00C04F79EFBC}") = "OpenCVSharp_Test", "OpenCVSharp_Test\OpenCVSharp_Test.csproj", "{D8F59927-9420-469A-921B-14F370367310}"
EndProject
Project("{FAE04EC0-301F-11D3-BF4B-00C04F79EFBC}") = "Practicing", "..\..\..\ConsoleApplication\Practicing\Practicing\Practicing.csproj", "{3BEBE16C-F1E9-4E86-A223-74C03447F49F}"
EndProject
Global
	GlobalSection(SolutionConfigurationPlatforms) = preSolution
		Debug|Any CPU = Debug|Any CPU
		Debug|x64 = Debug|x64
		Release|Any CPU = Release|Any CPU
		Release|x64 = Release|x64
	EndGlobalSection
	GlobalSection(ProjectConfigurationPlatforms) = postSolution
		{A39CFFE0-043B-4F87-AFDC-8A580D11D5F6}.Debug|Any CPU.ActiveCfg = Debug|Any CPU
		{A39CFFE0-043B-4F87-AFDC-8A580D11D5F6}.Debug|Any CPU.Build.0 = Debug|Any CPU
		{A39CFFE0-043B-4F87-AFDC-8A580D11D5F6}.Debug|x64.ActiveCfg = Debug|x64
		{A39CFFE0-043B-4F87-AFDC-8A580D11D5F6}.Debug|x64.Build.0 = Debug|x64
		{A39CFFE0-043B-4F87-AFDC-8A580D11D5F6}.Release|Any CPU.ActiveCfg = Release|Any CPU
		{A39CFFE0-043B-4F87-AFDC-8A580D11D5F6}.Release|Any CPU.Build.0 = Release|Any CPU
		{A39CFFE0-043B-4F87-AFDC-8A580D11D5F6}.Release|x64.ActiveCfg = Release|x64
		{A39CFFE0-043B-4F87-AFDC-8A580D11D5F6}.Release|x64.Build.0 = Release|x64
		{D8F59927-9420-469A-921B-14F370367310}.Debug|Any CPU.ActiveCfg = Debug|Any CPU
		{D8F59927-9420-469A-921B-14F370367310}.Debug|Any CPU.Build.0 = Debug|Any CPU
		{D8F59927-9420-469A-921B-14F370367310}.Debug|x64.ActiveCfg = Debug|Any CPU
		{D8F59927-9420-469A-921B-14F370367310}.Debug|x64.Build.0 = Debug|Any CPU
		{D8F59927-9420-469A-921B-14F370367310}.Release|Any CPU.ActiveCfg = Release|Any CPU
		{D8F59927-9420-469A-921B-14F370367310}.Release|Any CPU.Build.0 = Release|Any CPU
		{D8F59927-9420-469A-921B-14F370367310}.Release|x64.ActiveCfg = Release|Any CPU
		{D8F59927-9420-469A-921B-14F370367310}.Release|x64.Build.0 = Release|Any CPU
		{3BEBE16C-F1E9-4E86-A223-74C03447F49F}.Debug|Any CPU.ActiveCfg = Debug|Any CPU
		{3BEBE16C-F1E9-4E86-A223-74C03447F49F}.Debug|Any CPU.Build.0 = Debug|Any CPU
		{3BEBE16C-F1E9-4E86-A223-74C03447F49F}.Debug|x64.ActiveCfg = Debug|Any CPU
		{3BEBE16C-F1E9-4E86-A223-74C03447F49F}.Debug|x64.Build.0 = Debug|Any CPU
		{3BEBE16C-F1E9-4E86-A223-74C03447F49F}.Release|Any CPU.ActiveCfg = Release|Any CPU
		{3BEBE16C-F1E9-4E86-A223-74C03447F49F}.Release|Any CPU.Build.0 = Release|Any CPU
		{3BEBE16C-F1E9-4E86-A223-74C03447F49F}.Release|x64.ActiveCfg = Release|Any CPU
		{3BEBE16C-F1E9-4E86-A223-74C03447F49F}.Release|x64.Build.0 = Release|Any CPU
	EndGlobalSection
	GlobalSection(SolutionProperties) = preSolution
		HideSolutionNode = FALSE
	EndGlobalSection
	GlobalSection(ExtensibilityGlobals) = postSolution
		SolutionGuid = {359E68E2-1DC1-4458-9C3C-FCADF1C5EBC4}
	EndGlobalSection
EndGlobal
